// !$*UTF8*$!
{
	archiveVersion = 1;
	classes = {
	};
	objectVersion = 55;
	objects = {

/* Begin PBXBuildFile section */
		54AC5F259365257E2CE28DA2 /* Pods_GithubActions11Tests.framework in Frameworks */ = {isa = PBXBuildFile; fileRef = 81DB56AD2F4C36EADD967E7F /* Pods_GithubActions11Tests.framework */; };
		6E84A8EA60BE0C1ADD1836F0 /* Pods_GithubActions11_GithubActions11UITests.framework in Frameworks */ = {isa = PBXBuildFile; fileRef = A38A5FE4A7CF8A14B2AD6A5E /* Pods_GithubActions11_GithubActions11UITests.framework */; };
		83E31C282B60329500EB986F /* AppDelegate.swift in Sources */ = {isa = PBXBuildFile; fileRef = 83E31C272B60329500EB986F /* AppDelegate.swift */; };
		83E31C2A2B60329500EB986F /* SceneDelegate.swift in Sources */ = {isa = PBXBuildFile; fileRef = 83E31C292B60329500EB986F /* SceneDelegate.swift */; };
		83E31C2C2B60329500EB986F /* ViewController.swift in Sources */ = {isa = PBXBuildFile; fileRef = 83E31C2B2B60329500EB986F /* ViewController.swift */; };
		83E31C2F2B60329500EB986F /* Main.storyboard in Resources */ = {isa = PBXBuildFile; fileRef = 83E31C2D2B60329500EB986F /* Main.storyboard */; };
		83E31C312B60329B00EB986F /* Assets.xcassets in Resources */ = {isa = PBXBuildFile; fileRef = 83E31C302B60329B00EB986F /* Assets.xcassets */; };
		83E31C342B60329B00EB986F /* LaunchScreen.storyboard in Resources */ = {isa = PBXBuildFile; fileRef = 83E31C322B60329B00EB986F /* LaunchScreen.storyboard */; };
		83E31C3F2B60329C00EB986F /* GithubActions11Tests.swift in Sources */ = {isa = PBXBuildFile; fileRef = 83E31C3E2B60329C00EB986F /* GithubActions11Tests.swift */; };
		83E31C492B60329C00EB986F /* GithubActions11UITests.swift in Sources */ = {isa = PBXBuildFile; fileRef = 83E31C482B60329C00EB986F /* GithubActions11UITests.swift */; };
		83E31C4B2B60329C00EB986F /* GithubActions11UITestsLaunchTests.swift in Sources */ = {isa = PBXBuildFile; fileRef = 83E31C4A2B60329C00EB986F /* GithubActions11UITestsLaunchTests.swift */; };
		A2D52B35F8BF7E45F92717D3 /* Pods_GithubActions11.framework in Frameworks */ = {isa = PBXBuildFile; fileRef = CCBDC6A9315BD122EE6E6616 /* Pods_GithubActions11.framework */; };
/* End PBXBuildFile section */

/* Begin PBXContainerItemProxy section */
		83E31C3B2B60329C00EB986F /* PBXContainerItemProxy */ = {
			isa = PBXContainerItemProxy;
			containerPortal = 83E31C1C2B60329500EB986F /* Project object */;
			proxyType = 1;
			remoteGlobalIDString = 83E31C232B60329500EB986F;
			remoteInfo = GithubActions11;
		};
		83E31C452B60329C00EB986F /* PBXContainerItemProxy */ = {
			isa = PBXContainerItemProxy;
			containerPortal = 83E31C1C2B60329500EB986F /* Project object */;
			proxyType = 1;
			remoteGlobalIDString = 83E31C232B60329500EB986F;
			remoteInfo = GithubActions11;
		};
/* End PBXContainerItemProxy section */

/* Begin PBXFileReference section */
		179DED7FC8FA6114946E0837 /* Pods-GithubActions11Tests.release.xcconfig */ = {isa = PBXFileReference; includeInIndex = 1; lastKnownFileType = text.xcconfig; name = "Pods-GithubActions11Tests.release.xcconfig"; path = "Target Support Files/Pods-GithubActions11Tests/Pods-GithubActions11Tests.release.xcconfig"; sourceTree = "<group>"; };
		4E070EFA9438BAFFDFD117F6 /* Pods-GithubActions11-GithubActions11UITests.release.xcconfig */ = {isa = PBXFileReference; includeInIndex = 1; lastKnownFileType = text.xcconfig; name = "Pods-GithubActions11-GithubActions11UITests.release.xcconfig"; path = "Target Support Files/Pods-GithubActions11-GithubActions11UITests/Pods-GithubActions11-GithubActions11UITests.release.xcconfig"; sourceTree = "<group>"; };
		52AA0CEA1DD727FAE6915200 /* Pods-GithubActions11Tests.debug.xcconfig */ = {isa = PBXFileReference; includeInIndex = 1; lastKnownFileType = text.xcconfig; name = "Pods-GithubActions11Tests.debug.xcconfig"; path = "Target Support Files/Pods-GithubActions11Tests/Pods-GithubActions11Tests.debug.xcconfig"; sourceTree = "<group>"; };
		57C62E39D88EA3444B265694 /* Pods-GithubActions11.debug.xcconfig */ = {isa = PBXFileReference; includeInIndex = 1; lastKnownFileType = text.xcconfig; name = "Pods-GithubActions11.debug.xcconfig"; path = "Target Support Files/Pods-GithubActions11/Pods-GithubActions11.debug.xcconfig"; sourceTree = "<group>"; };
		81DB56AD2F4C36EADD967E7F /* Pods_GithubActions11Tests.framework */ = {isa = PBXFileReference; explicitFileType = wrapper.framework; includeInIndex = 0; path = Pods_GithubActions11Tests.framework; sourceTree = BUILT_PRODUCTS_DIR; };
		83E31C242B60329500EB986F /* GithubActions11.app */ = {isa = PBXFileReference; explicitFileType = wrapper.application; includeInIndex = 0; path = GithubActions11.app; sourceTree = BUILT_PRODUCTS_DIR; };
		83E31C272B60329500EB986F /* AppDelegate.swift */ = {isa = PBXFileReference; lastKnownFileType = sourcecode.swift; path = AppDelegate.swift; sourceTree = "<group>"; };
		83E31C292B60329500EB986F /* SceneDelegate.swift */ = {isa = PBXFileReference; lastKnownFileType = sourcecode.swift; path = SceneDelegate.swift; sourceTree = "<group>"; };
		83E31C2B2B60329500EB986F /* ViewController.swift */ = {isa = PBXFileReference; lastKnownFileType = sourcecode.swift; path = ViewController.swift; sourceTree = "<group>"; };
		83E31C2E2B60329500EB986F /* Base */ = {isa = PBXFileReference; lastKnownFileType = file.storyboard; name = Base; path = Base.lproj/Main.storyboard; sourceTree = "<group>"; };
		83E31C302B60329B00EB986F /* Assets.xcassets */ = {isa = PBXFileReference; lastKnownFileType = folder.assetcatalog; path = Assets.xcassets; sourceTree = "<group>"; };
		83E31C332B60329B00EB986F /* Base */ = {isa = PBXFileReference; lastKnownFileType = file.storyboard; name = Base; path = Base.lproj/LaunchScreen.storyboard; sourceTree = "<group>"; };
		83E31C352B60329B00EB986F /* Info.plist */ = {isa = PBXFileReference; lastKnownFileType = text.plist.xml; path = Info.plist; sourceTree = "<group>"; };
		83E31C3A2B60329C00EB986F /* GithubActions11Tests.xctest */ = {isa = PBXFileReference; explicitFileType = wrapper.cfbundle; includeInIndex = 0; path = GithubActions11Tests.xctest; sourceTree = BUILT_PRODUCTS_DIR; };
		83E31C3E2B60329C00EB986F /* GithubActions11Tests.swift */ = {isa = PBXFileReference; lastKnownFileType = sourcecode.swift; path = GithubActions11Tests.swift; sourceTree = "<group>"; };
		83E31C442B60329C00EB986F /* GithubActions11UITests.xctest */ = {isa = PBXFileReference; explicitFileType = wrapper.cfbundle; includeInIndex = 0; path = GithubActions11UITests.xctest; sourceTree = BUILT_PRODUCTS_DIR; };
		83E31C482B60329C00EB986F /* GithubActions11UITests.swift */ = {isa = PBXFileReference; lastKnownFileType = sourcecode.swift; path = GithubActions11UITests.swift; sourceTree = "<group>"; };
		83E31C4A2B60329C00EB986F /* GithubActions11UITestsLaunchTests.swift */ = {isa = PBXFileReference; lastKnownFileType = sourcecode.swift; path = GithubActions11UITestsLaunchTests.swift; sourceTree = "<group>"; };
		8EA3E52C3C1ABD1C33A89B70 /* Pods-GithubActions11.release.xcconfig */ = {isa = PBXFileReference; includeInIndex = 1; lastKnownFileType = text.xcconfig; name = "Pods-GithubActions11.release.xcconfig"; path = "Target Support Files/Pods-GithubActions11/Pods-GithubActions11.release.xcconfig"; sourceTree = "<group>"; };
		A38A5FE4A7CF8A14B2AD6A5E /* Pods_GithubActions11_GithubActions11UITests.framework */ = {isa = PBXFileReference; explicitFileType = wrapper.framework; includeInIndex = 0; path = Pods_GithubActions11_GithubActions11UITests.framework; sourceTree = BUILT_PRODUCTS_DIR; };
		B1E3F60C1471E0BD621C6C05 /* Pods-GithubActions11-GithubActions11UITests.debug.xcconfig */ = {isa = PBXFileReference; includeInIndex = 1; lastKnownFileType = text.xcconfig; name = "Pods-GithubActions11-GithubActions11UITests.debug.xcconfig"; path = "Target Support Files/Pods-GithubActions11-GithubActions11UITests/Pods-GithubActions11-GithubActions11UITests.debug.xcconfig"; sourceTree = "<group>"; };
		CCBDC6A9315BD122EE6E6616 /* Pods_GithubActions11.framework */ = {isa = PBXFileReference; explicitFileType = wrapper.framework; includeInIndex = 0; path = Pods_GithubActions11.framework; sourceTree = BUILT_PRODUCTS_DIR; };
/* End PBXFileReference section */

/* Begin PBXFrameworksBuildPhase section */
		83E31C212B60329500EB986F /* Frameworks */ = {
			isa = PBXFrameworksBuildPhase;
			buildActionMask = 2147483647;
			files = (
				A2D52B35F8BF7E45F92717D3 /* Pods_GithubActions11.framework in Frameworks */,
			);
			runOnlyForDeploymentPostprocessing = 0;
		};
		83E31C372B60329C00EB986F /* Frameworks */ = {
			isa = PBXFrameworksBuildPhase;
			buildActionMask = 2147483647;
			files = (
				54AC5F259365257E2CE28DA2 /* Pods_GithubActions11Tests.framework in Frameworks */,
			);
			runOnlyForDeploymentPostprocessing = 0;
		};
		83E31C412B60329C00EB986F /* Frameworks */ = {
			isa = PBXFrameworksBuildPhase;
			buildActionMask = 2147483647;
			files = (
				6E84A8EA60BE0C1ADD1836F0 /* Pods_GithubActions11_GithubActions11UITests.framework in Frameworks */,
			);
			runOnlyForDeploymentPostprocessing = 0;
		};
/* End PBXFrameworksBuildPhase section */

/* Begin PBXGroup section */
		51F5F9F96C94465699F5EAA5 /* Pods */ = {
			isa = PBXGroup;
			children = (
				57C62E39D88EA3444B265694 /* Pods-GithubActions11.debug.xcconfig */,
				8EA3E52C3C1ABD1C33A89B70 /* Pods-GithubActions11.release.xcconfig */,
				B1E3F60C1471E0BD621C6C05 /* Pods-GithubActions11-GithubActions11UITests.debug.xcconfig */,
				4E070EFA9438BAFFDFD117F6 /* Pods-GithubActions11-GithubActions11UITests.release.xcconfig */,
				52AA0CEA1DD727FAE6915200 /* Pods-GithubActions11Tests.debug.xcconfig */,
				179DED7FC8FA6114946E0837 /* Pods-GithubActions11Tests.release.xcconfig */,
			);
			name = Pods;
			path = Pods;
			sourceTree = "<group>";
		};
		83E31C1B2B60329500EB986F = {
			isa = PBXGroup;
			children = (
				83E31C262B60329500EB986F /* GithubActions11 */,
				83E31C3D2B60329C00EB986F /* GithubActions11Tests */,
				83E31C472B60329C00EB986F /* GithubActions11UITests */,
				83E31C252B60329500EB986F /* Products */,
				51F5F9F96C94465699F5EAA5 /* Pods */,
				8B81BF17C1BF9583141C10B7 /* Frameworks */,
			);
			sourceTree = "<group>";
		};
		83E31C252B60329500EB986F /* Products */ = {
			isa = PBXGroup;
			children = (
				83E31C242B60329500EB986F /* GithubActions11.app */,
				83E31C3A2B60329C00EB986F /* GithubActions11Tests.xctest */,
				83E31C442B60329C00EB986F /* GithubActions11UITests.xctest */,
			);
			name = Products;
			sourceTree = "<group>";
		};
		83E31C262B60329500EB986F /* GithubActions11 */ = {
			isa = PBXGroup;
			children = (
				83E31C272B60329500EB986F /* AppDelegate.swift */,
				83E31C292B60329500EB986F /* SceneDelegate.swift */,
				83E31C2B2B60329500EB986F /* ViewController.swift */,
				83E31C2D2B60329500EB986F /* Main.storyboard */,
				83E31C302B60329B00EB986F /* Assets.xcassets */,
				83E31C322B60329B00EB986F /* LaunchScreen.storyboard */,
				83E31C352B60329B00EB986F /* Info.plist */,
			);
			path = GithubActions11;
			sourceTree = "<group>";
		};
		83E31C3D2B60329C00EB986F /* GithubActions11Tests */ = {
			isa = PBXGroup;
			children = (
				83E31C3E2B60329C00EB986F /* GithubActions11Tests.swift */,
			);
			path = GithubActions11Tests;
			sourceTree = "<group>";
		};
		83E31C472B60329C00EB986F /* GithubActions11UITests */ = {
			isa = PBXGroup;
			children = (
				83E31C482B60329C00EB986F /* GithubActions11UITests.swift */,
				83E31C4A2B60329C00EB986F /* GithubActions11UITestsLaunchTests.swift */,
			);
			path = GithubActions11UITests;
			sourceTree = "<group>";
		};
		8B81BF17C1BF9583141C10B7 /* Frameworks */ = {
			isa = PBXGroup;
			children = (
				CCBDC6A9315BD122EE6E6616 /* Pods_GithubActions11.framework */,
				A38A5FE4A7CF8A14B2AD6A5E /* Pods_GithubActions11_GithubActions11UITests.framework */,
				81DB56AD2F4C36EADD967E7F /* Pods_GithubActions11Tests.framework */,
			);
			name = Frameworks;
			sourceTree = "<group>";
		};
/* End PBXGroup section */

/* Begin PBXNativeTarget section */
		83E31C232B60329500EB986F /* GithubActions11 */ = {
			isa = PBXNativeTarget;
			buildConfigurationList = 83E31C4E2B60329C00EB986F /* Build configuration list for PBXNativeTarget "GithubActions11" */;
			buildPhases = (
				FABE07DF4DB2FDBA34C1F99C /* [CP] Check Pods Manifest.lock */,
				83E31C202B60329500EB986F /* Sources */,
				83E31C212B60329500EB986F /* Frameworks */,
				83E31C222B60329500EB986F /* Resources */,
				73C428E95B2FC2589F73E795 /* [CP] Embed Pods Frameworks */,
			);
			buildRules = (
			);
			dependencies = (
			);
			name = GithubActions11;
			productName = GithubActions11;
			productReference = 83E31C242B60329500EB986F /* GithubActions11.app */;
			productType = "com.apple.product-type.application";
		};
		83E31C392B60329C00EB986F /* GithubActions11Tests */ = {
			isa = PBXNativeTarget;
			buildConfigurationList = 83E31C512B60329C00EB986F /* Build configuration list for PBXNativeTarget "GithubActions11Tests" */;
			buildPhases = (
				63A8E371C5F5424AD40DE424 /* [CP] Check Pods Manifest.lock */,
				83E31C362B60329C00EB986F /* Sources */,
				83E31C372B60329C00EB986F /* Frameworks */,
				83E31C382B60329C00EB986F /* Resources */,
			);
			buildRules = (
			);
			dependencies = (
				83E31C3C2B60329C00EB986F /* PBXTargetDependency */,
			);
			name = GithubActions11Tests;
			productName = GithubActions11Tests;
			productReference = 83E31C3A2B60329C00EB986F /* GithubActions11Tests.xctest */;
			productType = "com.apple.product-type.bundle.unit-test";
		};
		83E31C432B60329C00EB986F /* GithubActions11UITests */ = {
			isa = PBXNativeTarget;
			buildConfigurationList = 83E31C542B60329C00EB986F /* Build configuration list for PBXNativeTarget "GithubActions11UITests" */;
			buildPhases = (
				053D7E7F33B6AD0FF160D614 /* [CP] Check Pods Manifest.lock */,
				83E31C402B60329C00EB986F /* Sources */,
				83E31C412B60329C00EB986F /* Frameworks */,
				83E31C422B60329C00EB986F /* Resources */,
				F2D24D9FB3C13E5DBDC98AC9 /* [CP] Embed Pods Frameworks */,
			);
			buildRules = (
			);
			dependencies = (
				83E31C462B60329C00EB986F /* PBXTargetDependency */,
			);
			name = GithubActions11UITests;
			productName = GithubActions11UITests;
			productReference = 83E31C442B60329C00EB986F /* GithubActions11UITests.xctest */;
			productType = "com.apple.product-type.bundle.ui-testing";
		};
/* End PBXNativeTarget section */

/* Begin PBXProject section */
		83E31C1C2B60329500EB986F /* Project object */ = {
			isa = PBXProject;
			attributes = {
				BuildIndependentTargetsInParallel = 1;
				LastSwiftUpdateCheck = 1340;
				LastUpgradeCheck = 1340;
				TargetAttributes = {
					83E31C232B60329500EB986F = {
						CreatedOnToolsVersion = 13.4.1;
					};
					83E31C392B60329C00EB986F = {
						CreatedOnToolsVersion = 13.4.1;
						TestTargetID = 83E31C232B60329500EB986F;
					};
					83E31C432B60329C00EB986F = {
						CreatedOnToolsVersion = 13.4.1;
						TestTargetID = 83E31C232B60329500EB986F;
					};
				};
			};
			buildConfigurationList = 83E31C1F2B60329500EB986F /* Build configuration list for PBXProject "GithubActions11" */;
			compatibilityVersion = "Xcode 13.0";
			developmentRegion = en;
			hasScannedForEncodings = 0;
			knownRegions = (
				en,
				Base,
			);
			mainGroup = 83E31C1B2B60329500EB986F;
			productRefGroup = 83E31C252B60329500EB986F /* Products */;
			projectDirPath = "";
			projectRoot = "";
			targets = (
				83E31C232B60329500EB986F /* GithubActions11 */,
				83E31C392B60329C00EB986F /* GithubActions11Tests */,
				83E31C432B60329C00EB986F /* GithubActions11UITests */,
			);
		};
/* End PBXProject section */

/* Begin PBXResourcesBuildPhase section */
		83E31C222B60329500EB986F /* Resources */ = {
			isa = PBXResourcesBuildPhase;
			buildActionMask = 2147483647;
			files = (
				83E31C342B60329B00EB986F /* LaunchScreen.storyboard in Resources */,
				83E31C312B60329B00EB986F /* Assets.xcassets in Resources */,
				83E31C2F2B60329500EB986F /* Main.storyboard in Resources */,
			);
			runOnlyForDeploymentPostprocessing = 0;
		};
		83E31C382B60329C00EB986F /* Resources */ = {
			isa = PBXResourcesBuildPhase;
			buildActionMask = 2147483647;
			files = (
			);
			runOnlyForDeploymentPostprocessing = 0;
		};
		83E31C422B60329C00EB986F /* Resources */ = {
			isa = PBXResourcesBuildPhase;
			buildActionMask = 2147483647;
			files = (
			);
			runOnlyForDeploymentPostprocessing = 0;
		};
/* End PBXResourcesBuildPhase section */

/* Begin PBXShellScriptBuildPhase section */
		053D7E7F33B6AD0FF160D614 /* [CP] Check Pods Manifest.lock */ = {
			isa = PBXShellScriptBuildPhase;
			buildActionMask = 2147483647;
			files = (
			);
			inputFileListPaths = (
			);
			inputPaths = (
				"${PODS_PODFILE_DIR_PATH}/Podfile.lock",
				"${PODS_ROOT}/Manifest.lock",
			);
			name = "[CP] Check Pods Manifest.lock";
			outputFileListPaths = (
			);
			outputPaths = (
				"$(DERIVED_FILE_DIR)/Pods-GithubActions11-GithubActions11UITests-checkManifestLockResult.txt",
			);
			runOnlyForDeploymentPostprocessing = 0;
			shellPath = /bin/sh;
			shellScript = "diff \"${PODS_PODFILE_DIR_PATH}/Podfile.lock\" \"${PODS_ROOT}/Manifest.lock\" > /dev/null\nif [ $? != 0 ] ; then\n    # print error to STDERR\n    echo \"error: The sandbox is not in sync with the Podfile.lock. Run 'pod install' or update your CocoaPods installation.\" >&2\n    exit 1\nfi\n# This output is used by Xcode 'outputs' to avoid re-running this script phase.\necho \"SUCCESS\" > \"${SCRIPT_OUTPUT_FILE_0}\"\n";
			showEnvVarsInLog = 0;
		};
		63A8E371C5F5424AD40DE424 /* [CP] Check Pods Manifest.lock */ = {
			isa = PBXShellScriptBuildPhase;
			buildActionMask = 2147483647;
			files = (
			);
			inputFileListPaths = (
			);
			inputPaths = (
				"${PODS_PODFILE_DIR_PATH}/Podfile.lock",
				"${PODS_ROOT}/Manifest.lock",
			);
			name = "[CP] Check Pods Manifest.lock";
			outputFileListPaths = (
			);
			outputPaths = (
				"$(DERIVED_FILE_DIR)/Pods-GithubActions11Tests-checkManifestLockResult.txt",
			);
			runOnlyForDeploymentPostprocessing = 0;
			shellPath = /bin/sh;
			shellScript = "diff \"${PODS_PODFILE_DIR_PATH}/Podfile.lock\" \"${PODS_ROOT}/Manifest.lock\" > /dev/null\nif [ $? != 0 ] ; then\n    # print error to STDERR\n    echo \"error: The sandbox is not in sync with the Podfile.lock. Run 'pod install' or update your CocoaPods installation.\" >&2\n    exit 1\nfi\n# This output is used by Xcode 'outputs' to avoid re-running this script phase.\necho \"SUCCESS\" > \"${SCRIPT_OUTPUT_FILE_0}\"\n";
			showEnvVarsInLog = 0;
		};
		73C428E95B2FC2589F73E795 /* [CP] Embed Pods Frameworks */ = {
			isa = PBXShellScriptBuildPhase;
			buildActionMask = 2147483647;
			files = (
			);
			inputFileListPaths = (
				"${PODS_ROOT}/Target Support Files/Pods-GithubActions11/Pods-GithubActions11-frameworks-${CONFIGURATION}-input-files.xcfilelist",
			);
			name = "[CP] Embed Pods Frameworks";
			outputFileListPaths = (
				"${PODS_ROOT}/Target Support Files/Pods-GithubActions11/Pods-GithubActions11-frameworks-${CONFIGURATION}-output-files.xcfilelist",
			);
			runOnlyForDeploymentPostprocessing = 0;
			shellPath = /bin/sh;
			shellScript = "\"${PODS_ROOT}/Target Support Files/Pods-GithubActions11/Pods-GithubActions11-frameworks.sh\"\n";
			showEnvVarsInLog = 0;
		};
		F2D24D9FB3C13E5DBDC98AC9 /* [CP] Embed Pods Frameworks */ = {
			isa = PBXShellScriptBuildPhase;
			buildActionMask = 2147483647;
			files = (
			);
			inputFileListPaths = (
				"${PODS_ROOT}/Target Support Files/Pods-GithubActions11-GithubActions11UITests/Pods-GithubActions11-GithubActions11UITests-frameworks-${CONFIGURATION}-input-files.xcfilelist",
			);
			name = "[CP] Embed Pods Frameworks";
			outputFileListPaths = (
				"${PODS_ROOT}/Target Support Files/Pods-GithubActions11-GithubActions11UITests/Pods-GithubActions11-GithubActions11UITests-frameworks-${CONFIGURATION}-output-files.xcfilelist",
			);
			runOnlyForDeploymentPostprocessing = 0;
			shellPath = /bin/sh;
			shellScript = "\"${PODS_ROOT}/Target Support Files/Pods-GithubActions11-GithubActions11UITests/Pods-GithubActions11-GithubActions11UITests-frameworks.sh\"\n";
			showEnvVarsInLog = 0;
		};
		FABE07DF4DB2FDBA34C1F99C /* [CP] Check Pods Manifest.lock */ = {
			isa = PBXShellScriptBuildPhase;
			buildActionMask = 2147483647;
			files = (
			);
			inputFileListPaths = (
			);
			inputPaths = (
				"${PODS_PODFILE_DIR_PATH}/Podfile.lock",
				"${PODS_ROOT}/Manifest.lock",
			);
			name = "[CP] Check Pods Manifest.lock";
			outputFileListPaths = (
			);
			outputPaths = (
				"$(DERIVED_FILE_DIR)/Pods-GithubActions11-checkManifestLockResult.txt",
			);
			runOnlyForDeploymentPostprocessing = 0;
			shellPath = /bin/sh;
			shellScript = "diff \"${PODS_PODFILE_DIR_PATH}/Podfile.lock\" \"${PODS_ROOT}/Manifest.lock\" > /dev/null\nif [ $? != 0 ] ; then\n    # print error to STDERR\n    echo \"error: The sandbox is not in sync with the Podfile.lock. Run 'pod install' or update your CocoaPods installation.\" >&2\n    exit 1\nfi\n# This output is used by Xcode 'outputs' to avoid re-running this script phase.\necho \"SUCCESS\" > \"${SCRIPT_OUTPUT_FILE_0}\"\n";
			showEnvVarsInLog = 0;
		};
/* End PBXShellScriptBuildPhase section */

/* Begin PBXSourcesBuildPhase section */
		83E31C202B60329500EB986F /* Sources */ = {
			isa = PBXSourcesBuildPhase;
			buildActionMask = 2147483647;
			files = (
				83E31C2C2B60329500EB986F /* ViewController.swift in Sources */,
				83E31C282B60329500EB986F /* AppDelegate.swift in Sources */,
				83E31C2A2B60329500EB986F /* SceneDelegate.swift in Sources */,
			);
			runOnlyForDeploymentPostprocessing = 0;
		};
		83E31C362B60329C00EB986F /* Sources */ = {
			isa = PBXSourcesBuildPhase;
			buildActionMask = 2147483647;
			files = (
				83E31C3F2B60329C00EB986F /* GithubActions11Tests.swift in Sources */,
			);
			runOnlyForDeploymentPostprocessing = 0;
		};
		83E31C402B60329C00EB986F /* Sources */ = {
			isa = PBXSourcesBuildPhase;
			buildActionMask = 2147483647;
			files = (
				83E31C492B60329C00EB986F /* GithubActions11UITests.swift in Sources */,
				83E31C4B2B60329C00EB986F /* GithubActions11UITestsLaunchTests.swift in Sources */,
			);
			runOnlyForDeploymentPostprocessing = 0;
		};
/* End PBXSourcesBuildPhase section */

/* Begin PBXTargetDependency section */
		83E31C3C2B60329C00EB986F /* PBXTargetDependency */ = {
			isa = PBXTargetDependency;
			target = 83E31C232B60329500EB986F /* GithubActions11 */;
			targetProxy = 83E31C3B2B60329C00EB986F /* PBXContainerItemProxy */;
		};
		83E31C462B60329C00EB986F /* PBXTargetDependency */ = {
			isa = PBXTargetDependency;
			target = 83E31C232B60329500EB986F /* GithubActions11 */;
			targetProxy = 83E31C452B60329C00EB986F /* PBXContainerItemProxy */;
		};
/* End PBXTargetDependency section */

/* Begin PBXVariantGroup section */
		83E31C2D2B60329500EB986F /* Main.storyboard */ = {
			isa = PBXVariantGroup;
			children = (
				83E31C2E2B60329500EB986F /* Base */,
			);
			name = Main.storyboard;
			sourceTree = "<group>";
		};
		83E31C322B60329B00EB986F /* LaunchScreen.storyboard */ = {
			isa = PBXVariantGroup;
			children = (
				83E31C332B60329B00EB986F /* Base */,
			);
			name = LaunchScreen.storyboard;
			sourceTree = "<group>";
		};
/* End PBXVariantGroup section */

/* Begin XCBuildConfiguration section */
		83E31C4C2B60329C00EB986F /* Debug */ = {
			isa = XCBuildConfiguration;
			buildSettings = {
				ALWAYS_SEARCH_USER_PATHS = NO;
				CLANG_ANALYZER_NONNULL = YES;
				CLANG_ANALYZER_NUMBER_OBJECT_CONVERSION = YES_AGGRESSIVE;
				CLANG_CXX_LANGUAGE_STANDARD = "gnu++17";
				CLANG_ENABLE_MODULES = YES;
				CLANG_ENABLE_OBJC_ARC = YES;
				CLANG_ENABLE_OBJC_WEAK = YES;
				CLANG_WARN_BLOCK_CAPTURE_AUTORELEASING = YES;
				CLANG_WARN_BOOL_CONVERSION = YES;
				CLANG_WARN_COMMA = YES;
				CLANG_WARN_CONSTANT_CONVERSION = YES;
				CLANG_WARN_DEPRECATED_OBJC_IMPLEMENTATIONS = YES;
				CLANG_WARN_DIRECT_OBJC_ISA_USAGE = YES_ERROR;
				CLANG_WARN_DOCUMENTATION_COMMENTS = YES;
				CLANG_WARN_EMPTY_BODY = YES;
				CLANG_WARN_ENUM_CONVERSION = YES;
				CLANG_WARN_INFINITE_RECURSION = YES;
				CLANG_WARN_INT_CONVERSION = YES;
				CLANG_WARN_NON_LITERAL_NULL_CONVERSION = YES;
				CLANG_WARN_OBJC_IMPLICIT_RETAIN_SELF = YES;
				CLANG_WARN_OBJC_LITERAL_CONVERSION = YES;
				CLANG_WARN_OBJC_ROOT_CLASS = YES_ERROR;
				CLANG_WARN_QUOTED_INCLUDE_IN_FRAMEWORK_HEADER = YES;
				CLANG_WARN_RANGE_LOOP_ANALYSIS = YES;
				CLANG_WARN_STRICT_PROTOTYPES = YES;
				CLANG_WARN_SUSPICIOUS_MOVE = YES;
				CLANG_WARN_UNGUARDED_AVAILABILITY = YES_AGGRESSIVE;
				CLANG_WARN_UNREACHABLE_CODE = YES;
				CLANG_WARN__DUPLICATE_METHOD_MATCH = YES;
				COPY_PHASE_STRIP = NO;
				DEBUG_INFORMATION_FORMAT = dwarf;
				ENABLE_STRICT_OBJC_MSGSEND = YES;
				ENABLE_TESTABILITY = YES;
				GCC_C_LANGUAGE_STANDARD = gnu11;
				GCC_DYNAMIC_NO_PIC = NO;
				GCC_NO_COMMON_BLOCKS = YES;
				GCC_OPTIMIZATION_LEVEL = 0;
				GCC_PREPROCESSOR_DEFINITIONS = (
					"DEBUG=1",
					"$(inherited)",
				);
				GCC_WARN_64_TO_32_BIT_CONVERSION = YES;
				GCC_WARN_ABOUT_RETURN_TYPE = YES_ERROR;
				GCC_WARN_UNDECLARED_SELECTOR = YES;
				GCC_WARN_UNINITIALIZED_AUTOS = YES_AGGRESSIVE;
				GCC_WARN_UNUSED_FUNCTION = YES;
				GCC_WARN_UNUSED_VARIABLE = YES;
				IPHONEOS_DEPLOYMENT_TARGET = 15.5;
				MTL_ENABLE_DEBUG_INFO = INCLUDE_SOURCE;
				MTL_FAST_MATH = YES;
				ONLY_ACTIVE_ARCH = YES;
				SDKROOT = iphoneos;
				SWIFT_ACTIVE_COMPILATION_CONDITIONS = DEBUG;
				SWIFT_OPTIMIZATION_LEVEL = "-Onone";
			};
			name = Debug;
		};
		83E31C4D2B60329C00EB986F /* Release */ = {
			isa = XCBuildConfiguration;
			buildSettings = {
				ALWAYS_SEARCH_USER_PATHS = NO;
				CLANG_ANALYZER_NONNULL = YES;
				CLANG_ANALYZER_NUMBER_OBJECT_CONVERSION = YES_AGGRESSIVE;
				CLANG_CXX_LANGUAGE_STANDARD = "gnu++17";
				CLANG_ENABLE_MODULES = YES;
				CLANG_ENABLE_OBJC_ARC = YES;
				CLANG_ENABLE_OBJC_WEAK = YES;
				CLANG_WARN_BLOCK_CAPTURE_AUTORELEASING = YES;
				CLANG_WARN_BOOL_CONVERSION = YES;
				CLANG_WARN_COMMA = YES;
				CLANG_WARN_CONSTANT_CONVERSION = YES;
				CLANG_WARN_DEPRECATED_OBJC_IMPLEMENTATIONS = YES;
				CLANG_WARN_DIRECT_OBJC_ISA_USAGE = YES_ERROR;
				CLANG_WARN_DOCUMENTATION_COMMENTS = YES;
				CLANG_WARN_EMPTY_BODY = YES;
				CLANG_WARN_ENUM_CONVERSION = YES;
				CLANG_WARN_INFINITE_RECURSION = YES;
				CLANG_WARN_INT_CONVERSION = YES;
				CLANG_WARN_NON_LITERAL_NULL_CONVERSION = YES;
				CLANG_WARN_OBJC_IMPLICIT_RETAIN_SELF = YES;
				CLANG_WARN_OBJC_LITERAL_CONVERSION = YES;
				CLANG_WARN_OBJC_ROOT_CLASS = YES_ERROR;
				CLANG_WARN_QUOTED_INCLUDE_IN_FRAMEWORK_HEADER = YES;
				CLANG_WARN_RANGE_LOOP_ANALYSIS = YES;
				CLANG_WARN_STRICT_PROTOTYPES = YES;
				CLANG_WARN_SUSPICIOUS_MOVE = YES;
				CLANG_WARN_UNGUARDED_AVAILABILITY = YES_AGGRESSIVE;
				CLANG_WARN_UNREACHABLE_CODE = YES;
				CLANG_WARN__DUPLICATE_METHOD_MATCH = YES;
				COPY_PHASE_STRIP = NO;
				DEBUG_INFORMATION_FORMAT = "dwarf-with-dsym";
				ENABLE_NS_ASSERTIONS = NO;
				ENABLE_STRICT_OBJC_MSGSEND = YES;
				GCC_C_LANGUAGE_STANDARD = gnu11;
				GCC_NO_COMMON_BLOCKS = YES;
				GCC_WARN_64_TO_32_BIT_CONVERSION = YES;
				GCC_WARN_ABOUT_RETURN_TYPE = YES_ERROR;
				GCC_WARN_UNDECLARED_SELECTOR = YES;
				GCC_WARN_UNINITIALIZED_AUTOS = YES_AGGRESSIVE;
				GCC_WARN_UNUSED_FUNCTION = YES;
				GCC_WARN_UNUSED_VARIABLE = YES;
				IPHONEOS_DEPLOYMENT_TARGET = 15.5;
				MTL_ENABLE_DEBUG_INFO = NO;
				MTL_FAST_MATH = YES;
				SDKROOT = iphoneos;
				SWIFT_COMPILATION_MODE = wholemodule;
				SWIFT_OPTIMIZATION_LEVEL = "-O";
				VALIDATE_PRODUCT = YES;
			};
			name = Release;
		};
		83E31C4F2B60329C00EB986F /* Debug */ = {
			isa = XCBuildConfiguration;
			baseConfigurationReference = 57C62E39D88EA3444B265694 /* Pods-GithubActions11.debug.xcconfig */;
			buildSettings = {
				ASSETCATALOG_COMPILER_APPICON_NAME = AppIcon;
				ASSETCATALOG_COMPILER_GLOBAL_ACCENT_COLOR_NAME = AccentColor;
				CODE_SIGN_STYLE = Automatic;
				CURRENT_PROJECT_VERSION = 1;
				GENERATE_INFOPLIST_FILE = YES;
				INFOPLIST_FILE = GithubActions11/Info.plist;
				INFOPLIST_KEY_UIApplicationSupportsIndirectInputEvents = YES;
				INFOPLIST_KEY_UILaunchStoryboardName = LaunchScreen;
				INFOPLIST_KEY_UIMainStoryboardFile = Main;
				INFOPLIST_KEY_UISupportedInterfaceOrientations_iPad = "UIInterfaceOrientationPortrait UIInterfaceOrientationPortraitUpsideDown UIInterfaceOrientationLandscapeLeft UIInterfaceOrientationLandscapeRight";
				INFOPLIST_KEY_UISupportedInterfaceOrientations_iPhone = "UIInterfaceOrientationPortrait UIInterfaceOrientationLandscapeLeft UIInterfaceOrientationLandscapeRight";
				LD_RUNPATH_SEARCH_PATHS = (
					"$(inherited)",
					"@executable_path/Frameworks",
				);
				MARKETING_VERSION = 1.0;
				PRODUCT_BUNDLE_IDENTIFIER = com.raywenderlich.GithubActions11;
				PRODUCT_NAME = "$(TARGET_NAME)";
				SWIFT_EMIT_LOC_STRINGS = YES;
				SWIFT_VERSION = 5.0;
				TARGETED_DEVICE_FAMILY = "1,2";
			};
			name = Debug;
		};
		83E31C502B60329C00EB986F /* Release */ = {
			isa = XCBuildConfiguration;
			baseConfigurationReference = 8EA3E52C3C1ABD1C33A89B70 /* Pods-GithubActions11.release.xcconfig */;
			buildSettings = {
				ASSETCATALOG_COMPILER_APPICON_NAME = AppIcon;
				ASSETCATALOG_COMPILER_GLOBAL_ACCENT_COLOR_NAME = AccentColor;
				CODE_SIGN_STYLE = Automatic;
				CURRENT_PROJECT_VERSION = 1;
				GENERATE_INFOPLIST_FILE = YES;
				INFOPLIST_FILE = GithubActions11/Info.plist;
				INFOPLIST_KEY_UIApplicationSupportsIndirectInputEvents = YES;
				INFOPLIST_KEY_UILaunchStoryboardName = LaunchScreen;
				INFOPLIST_KEY_UIMainStoryboardFile = Main;
				INFOPLIST_KEY_UISupportedInterfaceOrientations_iPad = "UIInterfaceOrientationPortrait UIInterfaceOrientationPortraitUpsideDown UIInterfaceOrientationLandscapeLeft UIInterfaceOrientationLandscapeRight";
				INFOPLIST_KEY_UISupportedInterfaceOrientations_iPhone = "UIInterfaceOrientationPortrait UIInterfaceOrientationLandscapeLeft UIInterfaceOrientationLandscapeRight";
				LD_RUNPATH_SEARCH_PATHS = (
					"$(inherited)",
					"@executable_path/Frameworks",
				);
				MARKETING_VERSION = 1.0;
				PRODUCT_BUNDLE_IDENTIFIER = com.raywenderlich.GithubActions11;
				PRODUCT_NAME = "$(TARGET_NAME)";
				SWIFT_EMIT_LOC_STRINGS = YES;
				SWIFT_VERSION = 5.0;
				TARGETED_DEVICE_FAMILY = "1,2";
			};
			name = Release;
		};
		83E31C522B60329C00EB986F /* Debug */ = {
			isa = XCBuildConfiguration;
			baseConfigurationReference = 52AA0CEA1DD727FAE6915200 /* Pods-GithubActions11Tests.debug.xcconfig */;
			buildSettings = {
				ALWAYS_EMBED_SWIFT_STANDARD_LIBRARIES = YES;
				BUNDLE_LOADER = "$(TEST_HOST)";
				CODE_SIGN_STYLE = Automatic;
				CURRENT_PROJECT_VERSION = 1;
				GENERATE_INFOPLIST_FILE = YES;
				IPHONEOS_DEPLOYMENT_TARGET = 15.5;
				MARKETING_VERSION = 1.0;
				PRODUCT_BUNDLE_IDENTIFIER = com.raywenderlich.GithubActions11Tests;
				PRODUCT_NAME = "$(TARGET_NAME)";
				SWIFT_EMIT_LOC_STRINGS = NO;
				SWIFT_VERSION = 5.0;
				TARGETED_DEVICE_FAMILY = "1,2";
				TEST_HOST = "$(BUILT_PRODUCTS_DIR)/GithubActions11.app/GithubActions11";
			};
			name = Debug;
		};
		83E31C532B60329C00EB986F /* Release */ = {
			isa = XCBuildConfiguration;
			baseConfigurationReference = 179DED7FC8FA6114946E0837 /* Pods-GithubActions11Tests.release.xcconfig */;
			buildSettings = {
				ALWAYS_EMBED_SWIFT_STANDARD_LIBRARIES = YES;
				BUNDLE_LOADER = "$(TEST_HOST)";
				CODE_SIGN_STYLE = Automatic;
				CURRENT_PROJECT_VERSION = 1;
				GENERATE_INFOPLIST_FILE = YES;
				IPHONEOS_DEPLOYMENT_TARGET = 15.5;
				MARKETING_VERSION = 1.0;
				PRODUCT_BUNDLE_IDENTIFIER = com.raywenderlich.GithubActions11Tests;
				PRODUCT_NAME = "$(TARGET_NAME)";
				SWIFT_EMIT_LOC_STRINGS = NO;
				SWIFT_VERSION = 5.0;
				TARGETED_DEVICE_FAMILY = "1,2";
				TEST_HOST = "$(BUILT_PRODUCTS_DIR)/GithubActions11.app/GithubActions11";
			};
			name = Release;
		};
		83E31C552B60329C00EB986F /* Debug */ = {
			isa = XCBuildConfiguration;
			baseConfigurationReference = B1E3F60C1471E0BD621C6C05 /* Pods-GithubActions11-GithubActions11UITests.debug.xcconfig */;
			buildSettings = {
				ALWAYS_EMBED_SWIFT_STANDARD_LIBRARIES = YES;
				CODE_SIGN_STYLE = Automatic;
				CURRENT_PROJECT_VERSION = 1;
				GENERATE_INFOPLIST_FILE = YES;
				MARKETING_VERSION = 1.0;
				PRODUCT_BUNDLE_IDENTIFIER = com.raywenderlich.GithubActions11UITests;
				PRODUCT_NAME = "$(TARGET_NAME)";
				SWIFT_EMIT_LOC_STRINGS = NO;
				SWIFT_VERSION = 5.0;
				TARGETED_DEVICE_FAMILY = "1,2";
				TEST_TARGET_NAME = GithubActions11;
			};
			name = Debug;
		};
		83E31C562B60329C00EB986F /* Release */ = {
			isa = XCBuildConfiguration;
			baseConfigurationReference = 4E070EFA9438BAFFDFD117F6 /* Pods-GithubActions11-GithubActions11UITests.release.xcconfig */;
			buildSettings = {
				ALWAYS_EMBED_SWIFT_STANDARD_LIBRARIES = YES;
				CODE_SIGN_STYLE = Automatic;
				CURRENT_PROJECT_VERSION = 1;
				GENERATE_INFOPLIST_FILE = YES;
				MARKETING_VERSION = 1.0;
				PRODUCT_BUNDLE_IDENTIFIER = com.raywenderlich.GithubActions11UITests;
				PRODUCT_NAME = "$(TARGET_NAME)";
				SWIFT_EMIT_LOC_STRINGS = NO;
				SWIFT_VERSION = 5.0;
				TARGETED_DEVICE_FAMILY = "1,2";
				TEST_TARGET_NAME = GithubActions11;
			};
			name = Release;
		};
/* End XCBuildConfiguration section */

/* Begin XCConfigurationList section */
		83E31C1F2B60329500EB986F /* Build configuration list for PBXProject "GithubActions11" */ = {
			isa = XCConfigurationList;
			buildConfigurations = (
				83E31C4C2B60329C00EB986F /* Debug */,
				83E31C4D2B60329C00EB986F /* Release */,
			);
			defaultConfigurationIsVisible = 0;
			defaultConfigurationName = Release;
		};
		83E31C4E2B60329C00EB986F /* Build configuration list for PBXNativeTarget "GithubActions11" */ = {
			isa = XCConfigurationList;
			buildConfigurations = (
				83E31C4F2B60329C00EB986F /* Debug */,
				83E31C502B60329C00EB986F /* Release */,
			);
			defaultConfigurationIsVisible = 0;
			defaultConfigurationName = Release;
		};
		83E31C512B60329C00EB986F /* Build configuration list for PBXNativeTarget "GithubActions11Tests" */ = {
			isa = XCConfigurationList;
			buildConfigurations = (
				83E31C522B60329C00EB986F /* Debug */,
				83E31C532B60329C00EB986F /* Release */,
			);
			defaultConfigurationIsVisible = 0;
			defaultConfigurationName = Release;
		};
		83E31C542B60329C00EB986F /* Build configuration list for PBXNativeTarget "GithubActions11UITests" */ = {
			isa = XCConfigurationList;
			buildConfigurations = (
				83E31C552B60329C00EB986F /* Debug */,
				83E31C562B60329C00EB986F /* Release */,
			);
			defaultConfigurationIsVisible = 0;
			defaultConfigurationName = Release;
		};
/* End XCConfigurationList section */
	};
	rootObject = 83E31C1C2B60329500EB986F /* Project object */;
}
